// !$*UTF8*$!
{
	archiveVersion = 1;
	classes = {
	};
	objectVersion = 46;
	objects = {

/* Begin PBXBuildFile section */
		2E3622541ECC9AC700B45ED2 /* main.cpp in Sources */ = {isa = PBXBuildFile; fileRef = 2E3622531ECC9AC700B45ED2 /* main.cpp */; };
		2E3622621ECCA59D00B45ED2 /* Node.cpp in Sources */ = {isa = PBXBuildFile; fileRef = 2E3622601ECCA59D00B45ED2 /* Node.cpp */; };
		2E3622651ECCA87000B45ED2 /* Linked_List.cpp in Sources */ = {isa = PBXBuildFile; fileRef = 2E3622631ECCA87000B45ED2 /* Linked_List.cpp */; };
/* End PBXBuildFile section */

/* Begin PBXCopyFilesBuildPhase section */
		2E36224E1ECC9AC700B45ED2 /* CopyFiles */ = {
			isa = PBXCopyFilesBuildPhase;
			buildActionMask = 2147483647;
			dstPath = /usr/share/man/man1/;
			dstSubfolderSpec = 0;
			files = (
			);
			runOnlyForDeploymentPostprocessing = 1;
		};
/* End PBXCopyFilesBuildPhase section */

/* Begin PBXFileReference section */
		2E3622501ECC9AC700B45ED2 /* McAfeeTest */ = {isa = PBXFileReference; explicitFileType = "compiled.mach-o.executable"; includeInIndex = 0; path = McAfeeTest; sourceTree = BUILT_PRODUCTS_DIR; };
		2E3622531ECC9AC700B45ED2 /* main.cpp */ = {isa = PBXFileReference; lastKnownFileType = sourcecode.cpp.cpp; path = main.cpp; sourceTree = "<group>"; };
		2E3622601ECCA59D00B45ED2 /* Node.cpp */ = {isa = PBXFileReference; fileEncoding = 4; lastKnownFileType = sourcecode.cpp.cpp; path = Node.cpp; sourceTree = "<group>"; };
		2E3622611ECCA59D00B45ED2 /* Node.hpp */ = {isa = PBXFileReference; fileEncoding = 4; lastKnownFileType = sourcecode.cpp.h; path = Node.hpp; sourceTree = "<group>"; };
		2E3622631ECCA87000B45ED2 /* Linked_List.cpp */ = {isa = PBXFileReference; fileEncoding = 4; lastKnownFileType = sourcecode.cpp.cpp; path = Linked_List.cpp; sourceTree = "<group>"; };
		2E3622641ECCA87000B45ED2 /* Linked_List.hpp */ = {isa = PBXFileReference; fileEncoding = 4; lastKnownFileType = sourcecode.cpp.h; path = Linked_List.hpp; sourceTree = "<group>"; };
/* End PBXFileReference section */

/* Begin PBXFrameworksBuildPhase section */
		2E36224D1ECC9AC700B45ED2 /* Frameworks */ = {
			isa = PBXFrameworksBuildPhase;
			buildActionMask = 2147483647;
			files = (
			);
			runOnlyForDeploymentPostprocessing = 0;
		};
/* End PBXFrameworksBuildPhase section */

/* Begin PBXGroup section */
		2E3622471ECC9AC700B45ED2 = {
			isa = PBXGroup;
			children = (
				2E3622521ECC9AC700B45ED2 /* McAfeeTest */,
				2E3622511ECC9AC700B45ED2 /* Products */,
			);
			sourceTree = "<group>";
		};
		2E3622511ECC9AC700B45ED2 /* Products */ = {
			isa = PBXGroup;
			children = (
				2E3622501ECC9AC700B45ED2 /* McAfeeTest */,
			);
			name = Products;
			sourceTree = "<group>";
		};
		2E3622521ECC9AC700B45ED2 /* McAfeeTest */ = {
			isa = PBXGroup;
			children = (
				2E3622531ECC9AC700B45ED2 /* main.cpp */,
				2E3622601ECCA59D00B45ED2 /* Node.cpp */,
				2E3622611ECCA59D00B45ED2 /* Node.hpp */,
				2E3622631ECCA87000B45ED2 /* Linked_List.cpp */,
				2E3622641ECCA87000B45ED2 /* Linked_List.hpp */,
			);
			path = McAfeeTest;
			sourceTree = "<group>";
		};
/* End PBXGroup section */

/* Begin PBXNativeTarget section */
		2E36224F1ECC9AC700B45ED2 /* McAfeeTest */ = {
			isa = PBXNativeTarget;
			buildConfigurationList = 2E3622571ECC9AC700B45ED2 /* Build configuration list for PBXNativeTarget "McAfeeTest" */;
			buildPhases = (
				2E36224C1ECC9AC700B45ED2 /* Sources */,
				2E36224D1ECC9AC700B45ED2 /* Frameworks */,
				2E36224E1ECC9AC700B45ED2 /* CopyFiles */,
			);
			buildRules = (
			);
			dependencies = (
			);
			name = McAfeeTest;
			productName = McAfeeTest;
			productReference = 2E3622501ECC9AC700B45ED2 /* McAfeeTest */;
			productType = "com.apple.product-type.tool";
		};
/* End PBXNativeTarget section */

/* Begin PBXProject section */
		2E3622481ECC9AC700B45ED2 /* Project object */ = {
			isa = PBXProject;
			attributes = {
				LastUpgradeCheck = 0830;
				ORGANIZATIONNAME = s;
				TargetAttributes = {
					2E36224F1ECC9AC700B45ED2 = {
						CreatedOnToolsVersion = 8.3.2;
						ProvisioningStyle = Automatic;
					};
				};
			};
			buildConfigurationList = 2E36224B1ECC9AC700B45ED2 /* Build configuration list for PBXProject "McAfeeTest" */;
			compatibilityVersion = "Xcode 3.2";
			developmentRegion = English;
			hasScannedForEncodings = 0;
			knownRegions = (
				en,
			);
			mainGroup = 2E3622471ECC9AC700B45ED2;
			productRefGroup = 2E3622511ECC9AC700B45ED2 /* Products */;
			projectDirPath = "";
			projectRoot = "";
			targets = (
				2E36224F1ECC9AC700B45ED2 /* McAfeeTest */,
			);
		};
/* End PBXProject section */

/* Begin PBXSourcesBuildPhase section */
		2E36224C1ECC9AC700B45ED2 /* Sources */ = {
			isa = PBXSourcesBuildPhase;
			buildActionMask = 2147483647;
			files = (
				2E3622621ECCA59D00B45ED2 /* Node.cpp in Sources */,
				2E3622541ECC9AC700B45ED2 /* main.cpp in Sources */,
				2E3622651ECCA87000B45ED2 /* Linked_List.cpp in Sources */,
			);
			runOnlyForDeploymentPostprocessing = 0;
		};
/* End PBXSourcesBuildPhase section */

/* Begin XCBuildConfiguration section */
		2E3622551ECC9AC700B45ED2 /* Debug */ = {
			isa = XCBuildConfiguration;
			buildSettings = {
				ALWAYS_SEARCH_USER_PATHS = NO;
				CLANG_ANALYZER_NONNULL = YES;
				CLANG_ANALYZER_NUMBER_OBJECT_CONVERSION = YES_AGGRESSIVE;
				CLANG_CXX_LANGUAGE_STANDARD = "gnu++0x";
				CLANG_CXX_LIBRARY = "libc++";
				CLANG_ENABLE_MODULES = YES;
				CLANG_ENABLE_OBJC_ARC = YES;
				CLANG_WARN_BOOL_CONVERSION = YES;
				CLANG_WARN_CONSTANT_CONVERSION = YES;
				CLANG_WARN_DIRECT_OBJC_ISA_USAGE = YES_ERROR;
				CLANG_WARN_DOCUMENTATION_COMMENTS = YES;
				CLANG_WARN_EMPTY_BODY = YES;
				CLANG_WARN_ENUM_CONVERSION = YES;
				CLANG_WARN_INFINITE_RECURSION = YES;
				CLANG_WARN_INT_CONVERSION = YES;
				CLANG_WARN_OBJC_ROOT_CLASS = YES_ERROR;
				CLANG_WARN_SUSPICIOUS_MOVE = YES;
				CLANG_WARN_UNREACHABLE_CODE = YES;
				CLANG_WARN__DUPLICATE_METHOD_MATCH = YES;
				CODE_SIGN_IDENTITY = "-";
				COPY_PHASE_STRIP = NO;
				DEBUG_INFORMATION_FORMAT = dwarf;
				ENABLE_STRICT_OBJC_MSGSEND = YES;
				ENABLE_TESTABILITY = YES;
				GCC_C_LANGUAGE_STANDARD = gnu99;
				GCC_DYNAMIC_NO_PIC = NO;
				GCC_NO_COMMON_BLOCKS = YES;
				GCC_OPTIMIZATION_LEVEL = 0;
				GCC_PREPROCESSOR_DEFINITIONS = (
					"DEBUG=1",
					"$(inherited)",
				);
				GCC_WARN_64_TO_32_BIT_CONVERSION = YES;
				GCC_WARN_ABOUT_RETURN_TYPE = YES_ERROR;
				GCC_WARN_UNDECLARED_SELECTOR = YES;
				GCC_WARN_UNINITIALIZED_AUTOS = YES_AGGRESSIVE;
				GCC_WARN_UNUSED_FUNCTION = YES;
				GCC_WARN_UNUSED_VARIABLE = YES;
				MACOSX_DEPLOYMENT_TARGET = 10.12;
				MTL_ENABLE_DEBUG_INFO = YES;
				ONLY_ACTIVE_ARCH = YES;
				SDKROOT = macosx;
			};
			name = Debug;
		};
		2E3622561ECC9AC700B45ED2 /* Release */ = {
			isa = XCBuildConfiguration;
			buildSettings = {
				ALWAYS_SEARCH_USER_PATHS = NO;
				CLANG_ANALYZER_NONNULL = YES;
				CLANG_ANALYZER_NUMBER_OBJECT_CONVERSION = YES_AGGRESSIVE;
				CLANG_CXX_LANGUAGE_STANDARD = "gnu++0x";
				CLANG_CXX_LIBRARY = "libc++";
				CLANG_ENABLE_MODULES = YES;
				CLANG_ENABLE_OBJC_ARC = YES;
				CLANG_WARN_BOOL_CONVERSION = YES;
				CLANG_WARN_CONSTANT_CONVERSION = YES;
				CLANG_WARN_DIRECT_OBJC_ISA_USAGE = YES_ERROR;
				CLANG_WARN_DOCUMENTATION_COMMENTS = YES;
				CLANG_WARN_EMPTY_BODY = YES;
				CLANG_WARN_ENUM_CONVERSION = YES;
				CLANG_WARN_INFINITE_RECURSION = YES;
				CLANG_WARN_INT_CONVERSION = YES;
				CLANG_WARN_OBJC_ROOT_CLASS = YES_ERROR;
				CLANG_WARN_SUSPICIOUS_MOVE = YES;
				CLANG_WARN_UNREACHABLE_CODE = YES;
				CLANG_WARN__DUPLICATE_METHOD_MATCH = YES;
				CODE_SIGN_IDENTITY = "-";
				COPY_PHASE_STRIP = NO;
				DEBUG_INFORMATION_FORMAT = "dwarf-with-dsym";
				ENABLE_NS_ASSERTIONS = NO;
				ENABLE_STRICT_OBJC_MSGSEND = YES;
				GCC_C_LANGUAGE_STANDARD = gnu99;
				GCC_NO_COMMON_BLOCKS = YES;
				GCC_WARN_64_TO_32_BIT_CONVERSION = YES;
				GCC_WARN_ABOUT_RETURN_TYPE = YES_ERROR;
				GCC_WARN_UNDECLARED_SELECTOR = YES;
				GCC_WARN_UNINITIALIZED_AUTOS = YES_AGGRESSIVE;
				GCC_WARN_UNUSED_FUNCTION = YES;
				GCC_WARN_UNUSED_VARIABLE = YES;
				MACOSX_DEPLOYMENT_TARGET = 10.12;
				MTL_ENABLE_DEBUG_INFO = NO;
				SDKROOT = macosx;
			};
			name = Release;
		};
		2E3622581ECC9AC700B45ED2 /* Debug */ = {
			isa = XCBuildConfiguration;
			buildSettings = {
				PRODUCT_NAME = "$(TARGET_NAME)";
			};
			name = Debug;
		};
		2E3622591ECC9AC700B45ED2 /* Release */ = {
			isa = XCBuildConfiguration;
			buildSettings = {
				PRODUCT_NAME = "$(TARGET_NAME)";
			};
			name = Release;
		};
/* End XCBuildConfiguration section */

/* Begin XCConfigurationList section */
		2E36224B1ECC9AC700B45ED2 /* Build configuration list for PBXProject "McAfeeTest" */ = {
			isa = XCConfigurationList;
			buildConfigurations = (
				2E3622551ECC9AC700B45ED2 /* Debug */,
				2E3622561ECC9AC700B45ED2 /* Release */,
			);
			defaultConfigurationIsVisible = 0;
			defaultConfigurationName = Release;
		};
		2E3622571ECC9AC700B45ED2 /* Build configuration list for PBXNativeTarget "McAfeeTest" */ = {
			isa = XCConfigurationList;
			buildConfigurations = (
				2E3622581ECC9AC700B45ED2 /* Debug */,
				2E3622591ECC9AC700B45ED2 /* Release */,
			);
			defaultConfigurationIsVisible = 0;
		};
/* End XCConfigurationList section */
	};
	rootObject = 2E3622481ECC9AC700B45ED2 /* Project object */;
}
